PODS:
  - ImageZoomViewer (0.1.0)
  - SDWebImage (3.8.1):
    - SDWebImage/Core (= 3.8.1)
  - SDWebImage/Core (3.8.1)

DEPENDENCIES:
  - ImageZoomViewer (from `../`)
  - SDWebImage

EXTERNAL SOURCES:
  ImageZoomViewer:
    :path: ../

SPEC CHECKSUMS:
  ImageZoomViewer: b804d42124998a18d0688d0c43b8100bba94b074
  SDWebImage: 35f9627a3e44b4f292a8a8ce6a531fa488239b91

PODFILE CHECKSUM: 60b1fa15b22260169ec423a20d337bc7d4ed7bc0

COCOAPODS: 1.0.1
